
Microsoft Visual Studio Solution File, Format Version 12.00
# Visual Studio Version 17
VisualStudioVersion = 17.3.32825.248
MinimumVisualStudioVersion = 10.0.40219.1
Project("{FAE04EC0-301F-11D3-BF4B-00C04F79EFBC}") = "FileUtility", "FileUtility\FileUtility.csproj", "{2940CF4B-9538-4816-8643-149D2722A937}"
EndProject
Project("{FAE04EC0-301F-11D3-BF4B-00C04F79EFBC}") = "FileUtilityTests", "FileUtilityTests\FileUtilityTests.csproj", "{E1AE72ED-2CBC-4657-9448-C7BC974A5D00}"
EndProject
Global
	GlobalSection(SolutionConfigurationPlatforms) = preSolution
		Debug|Any CPU = Debug|Any CPU
		Release|Any CPU = Release|Any CPU
	EndGlobalSection
	GlobalSection(ProjectConfigurationPlatforms) = postSolution
		{2940CF4B-9538-4816-8643-149D2722A937}.Debug|Any CPU.ActiveCfg = Debug|Any CPU
		{2940CF4B-9538-4816-8643-149D2722A937}.Debug|Any CPU.Build.0 = Debug|Any CPU
		{2940CF4B-9538-4816-8643-149D2722A937}.Release|Any CPU.ActiveCfg = Release|Any CPU
		{2940CF4B-9538-4816-8643-149D2722A937}.Release|Any CPU.Build.0 = Release|Any CPU
		{E1AE72ED-2CBC-4657-9448-C7BC974A5D00}.Debug|Any CPU.ActiveCfg = Debug|Any CPU
		{E1AE72ED-2CBC-4657-9448-C7BC974A5D00}.Debug|Any CPU.Build.0 = Debug|Any CPU
		{E1AE72ED-2CBC-4657-9448-C7BC974A5D00}.Release|Any CPU.ActiveCfg = Release|Any CPU
		{E1AE72ED-2CBC-4657-9448-C7BC974A5D00}.Release|Any CPU.Build.0 = Release|Any CPU
	EndGlobalSection
	GlobalSection(SolutionProperties) = preSolution
		HideSolutionNode = FALSE
	EndGlobalSection
	GlobalSection(ExtensibilityGlobals) = postSolution
		SolutionGuid = {D628DE30-FC33-4EA0-AE6E-D1535CBC4495}
	EndGlobalSection
EndGlobal
